PODS:
  - desktop_drop (0.0.1):
    - FlutterMacOS
  - desktop_multi_window (0.0.1):
    - FlutterMacOS
  - device_info_plus (0.0.1):
    - FlutterMacOS
  - fc_native_video_thumbnail (0.0.1):
    - Flutter
    - FlutterMacOS
  - file_picker (0.0.1):
    - FlutterMacOS
  - file_selector_macos (0.0.1):
    - FlutterMacOS
  - flutter_image_compress_macos (1.0.0):
    - FlutterMacOS
  - flutter_secure_storage_darwin (10.0.0):
    - Flutter
    - FlutterMacOS
  - FlutterMacOS (1.0.0)
  - irondash_engine_context (0.0.1):
    - FlutterMacOS
  - media_kit_libs_macos_video (1.0.4):
    - FlutterMacOS
  - media_kit_video (0.0.1):
    - FlutterMacOS
  - package_info_plus (0.0.1):
    - FlutterMacOS
  - screen_retriever_macos (0.0.1):
    - FlutterMacOS
  - share_plus (0.0.1):
    - FlutterMacOS
  - shared_preferences_foundation (0.0.1):
    - Flutter
    - FlutterMacOS
  - sqflite_darwin (0.0.4):
    - Flutter
    - FlutterMacOS
  - super_native_extensions (0.0.1):
    - FlutterMacOS
  - url_launcher_macos (0.0.1):
    - FlutterMacOS
  - video_player_avfoundation (0.0.1):
    - Flutter
    - FlutterMacOS
  - wakelock_plus (0.0.1):
    - FlutterMacOS
  - window_manager (0.5.0):
    - FlutterMacOS

DEPENDENCIES:
  - desktop_drop (from `Flutter/ephemeral/.symlinks/plugins/desktop_drop/macos`)
  - desktop_multi_window (from `Flutter/ephemeral/.symlinks/plugins/desktop_multi_window/macos`)
  - device_info_plus (from `Flutter/ephemeral/.symlinks/plugins/device_info_plus/macos`)
  - fc_native_video_thumbnail (from `Flutter/ephemeral/.symlinks/plugins/fc_native_video_thumbnail/darwin`)
  - file_picker (from `Flutter/ephemeral/.symlinks/plugins/file_picker/macos`)
  - file_selector_macos (from `Flutter/ephemeral/.symlinks/plugins/file_selector_macos/macos`)
  - flutter_image_compress_macos (from `Flutter/ephemeral/.symlinks/plugins/flutter_image_compress_macos/macos`)
  - flutter_secure_storage_darwin (from `Flutter/ephemeral/.symlinks/plugins/flutter_secure_storage_darwin/darwin`)
  - FlutterMacOS (from `Flutter/ephemeral`)
  - irondash_engine_context (from `Flutter/ephemeral/.symlinks/plugins/irondash_engine_context/macos`)
  - media_kit_libs_macos_video (from `Flutter/ephemeral/.symlinks/plugins/media_kit_libs_macos_video/macos`)
  - media_kit_video (from `Flutter/ephemeral/.symlinks/plugins/media_kit_video/macos`)
  - package_info_plus (from `Flutter/ephemeral/.symlinks/plugins/package_info_plus/macos`)
  - screen_retriever_macos (from `Flutter/ephemeral/.symlinks/plugins/screen_retriever_macos/macos`)
  - share_plus (from `Flutter/ephemeral/.symlinks/plugins/share_plus/macos`)
  - shared_preferences_foundation (from `Flutter/ephemeral/.symlinks/plugins/shared_preferences_foundation/darwin`)
  - sqflite_darwin (from `Flutter/ephemeral/.symlinks/plugins/sqflite_darwin/darwin`)
  - super_native_extensions (from `Flutter/ephemeral/.symlinks/plugins/super_native_extensions/macos`)
  - url_launcher_macos (from `Flutter/ephemeral/.symlinks/plugins/url_launcher_macos/macos`)
  - video_player_avfoundation (from `Flutter/ephemeral/.symlinks/plugins/video_player_avfoundation/darwin`)
  - wakelock_plus (from `Flutter/ephemeral/.symlinks/plugins/wakelock_plus/macos`)
  - window_manager (from `Flutter/ephemeral/.symlinks/plugins/window_manager/macos`)

EXTERNAL SOURCES:
  desktop_drop:
    :path: Flutter/ephemeral/.symlinks/plugins/desktop_drop/macos
  desktop_multi_window:
    :path: Flutter/ephemeral/.symlinks/plugins/desktop_multi_window/macos
  device_info_plus:
    :path: Flutter/ephemeral/.symlinks/plugins/device_info_plus/macos
  fc_native_video_thumbnail:
    :path: Flutter/ephemeral/.symlinks/plugins/fc_native_video_thumbnail/darwin
  file_picker:
    :path: Flutter/ephemeral/.symlinks/plugins/file_picker/macos
  file_selector_macos:
    :path: Flutter/ephemeral/.symlinks/plugins/file_selector_macos/macos
  flutter_image_compress_macos:
    :path: Flutter/ephemeral/.symlinks/plugins/flutter_image_compress_macos/macos
  flutter_secure_storage_darwin:
    :path: Flutter/ephemeral/.symlinks/plugins/flutter_secure_storage_darwin/darwin
  FlutterMacOS:
    :path: Flutter/ephemeral
  irondash_engine_context:
    :path: Flutter/ephemeral/.symlinks/plugins/irondash_engine_context/macos
  media_kit_libs_macos_video:
    :path: Flutter/ephemeral/.symlinks/plugins/media_kit_libs_macos_video/macos
  media_kit_video:
    :path: Flutter/ephemeral/.symlinks/plugins/media_kit_video/macos
  package_info_plus:
    :path: Flutter/ephemeral/.symlinks/plugins/package_info_plus/macos
  screen_retriever_macos:
    :path: Flutter/ephemeral/.symlinks/plugins/screen_retriever_macos/macos
  share_plus:
    :path: Flutter/ephemeral/.symlinks/plugins/share_plus/macos
  shared_preferences_foundation:
    :path: Flutter/ephemeral/.symlinks/plugins/shared_preferences_foundation/darwin
  sqflite_darwin:
    :path: Flutter/ephemeral/.symlinks/plugins/sqflite_darwin/darwin
  super_native_extensions:
    :path: Flutter/ephemeral/.symlinks/plugins/super_native_extensions/macos
  url_launcher_macos:
    :path: Flutter/ephemeral/.symlinks/plugins/url_launcher_macos/macos
  video_player_avfoundation:
    :path: Flutter/ephemeral/.symlinks/plugins/video_player_avfoundation/darwin
  wakelock_plus:
    :path: Flutter/ephemeral/.symlinks/plugins/wakelock_plus/macos
  window_manager:
    :path: Flutter/ephemeral/.symlinks/plugins/window_manager/macos

SPEC CHECKSUMS:
  desktop_drop: 10a3e6a7fa9dbe350541f2574092fecfa345a07b
  desktop_multi_window: 93667594ccc4b88d91a97972fd3b1b89667fa80a
  device_info_plus: 4fb280989f669696856f8b129e4a5e3cd6c48f76
  fc_native_video_thumbnail: f9cf25a1b294cd15489e40bb8ac28684677fa1bc
  file_picker: 7584aae6fa07a041af2b36a2655122d42f578c1a
  file_selector_macos: 9e9e068e90ebee155097d00e89ae91edb2374db7
  flutter_image_compress_macos: e68daf54bb4bf2144c580fd4d151c949cbf492f0
  flutter_secure_storage_darwin: acdb3f316ed05a3e68f856e0353b133eec373a23
  FlutterMacOS: d0db08ddef1a9af05a5ec4b724367152bb0500b1
  irondash_engine_context: 893c7d96d20ce361d7e996f39d360c4c2f9869ba
  media_kit_libs_macos_video: 85a23e549b5f480e72cae3e5634b5514bc692f65
  media_kit_video: fa6564e3799a0a28bff39442334817088b7ca758
  package_info_plus: f0052d280d17aa382b932f399edf32507174e870
  screen_retriever_macos: 452e51764a9e1cdb74b3c541238795849f21557f
  share_plus: 510bf0af1a42cd602274b4629920c9649c52f4cc
  shared_preferences_foundation: 7036424c3d8ec98dfe75ff1667cb0cd531ec82bb
  sqflite_darwin: 20b2a3a3b70e43edae938624ce550a3cbf66a3d0
  super_native_extensions: c2795d6d9aedf4a79fae25cb6160b71b50549189
  url_launcher_macos: f87a979182d112f911de6820aefddaf56ee9fbfd
  video_player_avfoundation: 3453f792138786248960ca029747fcd9f318ef52
  wakelock_plus: 917609be14d812ddd9e9528876538b2263aaa03b
  window_manager: b729e31d38fb04905235df9ea896128991cad99e

PODFILE CHECKSUM: 86cb5fd92bd23bd22e4696b9030c712b87581b0b

COCOAPODS: 1.16.2
